<?xml version="1.0" encoding="utf-8"?>
<Project ToolsVersion="4.0" xmlns="http://schemas.microsoft.com/developer/msbuild/2003">
  <ItemGroup>
    <Filter Include="Source Files">
      <UniqueIdentifier>{cd2c29f1-c830-4e4d-8c43-15122eb88d3c}</UniqueIdentifier>
      <Extensions>cpp;c;cxx;rc;def;r;odl;idl;hpj;bat</Extensions>
    </Filter>
    <Filter Include="Header Files">
      <UniqueIdentifier>{4afc738f-d18a-4ee4-ac2b-d1a0c0256ec9}</UniqueIdentifier>
      <Extensions>h;hpp;hxx;hm;inl</Extensions>
    </Filter>
  </ItemGroup>
  <ItemGroup>
    <ClCompile Include="orconstraint_column.cxx">
      <Filter>Source Files</Filter>
    </ClCompile>
    <ClCompile Include="orconstraint_column_constraint.cxx">
      <Filter>Source Files</Filter>
    </ClCompile>
    <ClCompile Include="orconstraint_column_layout.cxx">
      <Filter>Source Files</Filter>
    </ClCompile>
  </ItemGroup>
  <ItemGroup>
    <ClInclude Include="orconstraint_column_constraint.h">
      <Filter>Header Files</Filter>
    </ClInclude>
    <ClInclude Include="orconstraint_column_layout.h">
      <Filter>Header Files</Filter>
    </ClInclude>
  </ItemGroup>
  <ItemGroup>
    <None Include="ReadMe.md" />
  </ItemGroup>
</Project>