<?xml version="1.0" encoding="utf-8"?>
<Project ToolsVersion="4.0" xmlns="http://schemas.microsoft.com/developer/msbuild/2003">
  <ItemGroup>
    <Filter Include="Source Files">
      <UniqueIdentifier>{4FC737F1-C7A5-4376-A066-2A32D752A2FF}</UniqueIdentifier>
      <Extensions>cpp;c;cc;cxx;def;odl;idl;hpj;bat;asm;asmx</Extensions>
    </Filter>
    <Filter Include="Header Files">
      <UniqueIdentifier>{93995380-89BD-4b04-88EB-625FBE52EBFB}</UniqueIdentifier>
      <Extensions>h;hpp;hxx;hm;inl;inc;xsd</Extensions>
    </Filter>
    <Filter Include="Resource Files">
      <UniqueIdentifier>{67DA6AB6-F800-4c08-8B7A-83BB121AAD01}</UniqueIdentifier>
      <Extensions>rc;ico;cur;bmp;dlg;rc2;rct;bin;rgs;gif;jpg;jpeg;jpe;resx;tiff;tif;png;wav;mfcribbon-ms</Extensions>
    </Filter>
    <Filter Include="Header Files\algorithm">
      <UniqueIdentifier>{715da652-cfe2-4fb0-bb03-39b792fca154}</UniqueIdentifier>
    </Filter>
    <Filter Include="Header Files\graphics">
      <UniqueIdentifier>{d1c18815-c072-4b23-8cbd-690de4cf84ee}</UniqueIdentifier>
    </Filter>
    <Filter Include="Header Files\IO">
      <UniqueIdentifier>{8f70fdc3-5920-406c-b5f0-a1661aaed91c}</UniqueIdentifier>
    </Filter>
    <Filter Include="Source Files\algorithm">
      <UniqueIdentifier>{905c577a-e956-441d-827a-6e16f477b409}</UniqueIdentifier>
    </Filter>
    <Filter Include="Source Files\graphics">
      <UniqueIdentifier>{4663444f-514b-4fb7-9210-49beda03d930}</UniqueIdentifier>
    </Filter>
    <Filter Include="Source Files\IO">
      <UniqueIdentifier>{67eae195-6025-4efb-855d-60ba3492d8a5}</UniqueIdentifier>
    </Filter>
  </ItemGroup>
  <ItemGroup>
    <None Include="ReadMe.txt" />
  </ItemGroup>
  <ItemGroup>
    <ClInclude Include="..\include\ClusterAdvance.h">
      <Filter>Header Files</Filter>
    </ClInclude>
    <ClInclude Include="..\include\GeometryUtils.h">
      <Filter>Header Files</Filter>
    </ClInclude>
    <ClInclude Include="..\include\GraphTools.h">
      <Filter>Header Files</Filter>
    </ClInclude>
    <ClInclude Include="..\include\GraphView.h">
      <Filter>Header Files</Filter>
    </ClInclude>
    <ClInclude Include="..\include\GRemedyGLExtensions.h">
      <Filter>Header Files</Filter>
    </ClInclude>
    <ClInclude Include="..\include\IntTypes.h">
      <Filter>Header Files</Filter>
    </ClInclude>
    <ClInclude Include="..\include\MoBuOpticalUtils.h">
      <Filter>Header Files</Filter>
    </ClInclude>
    <ClInclude Include="..\include\OpSkeleton.h">
      <Filter>Header Files</Filter>
    </ClInclude>
    <ClInclude Include="..\include\ProgressHandler.h">
      <Filter>Header Files</Filter>
    </ClInclude>
    <ClInclude Include="..\include\ResourceUtils.h">
      <Filter>Header Files</Filter>
    </ClInclude>
    <ClInclude Include="..\include\shared_misc_MOBU.h">
      <Filter>Header Files</Filter>
    </ClInclude>
    <ClInclude Include="..\include\StringUtils.h">
      <Filter>Header Files</Filter>
    </ClInclude>
    <ClInclude Include="..\include\Timer.h">
      <Filter>Header Files</Filter>
    </ClInclude>
    <ClInclude Include="..\include\Viewport.h">
      <Filter>Header Files</Filter>
    </ClInclude>
    <ClInclude Include="..\include\viewport_manip.h">
      <Filter>Header Files</Filter>
    </ClInclude>
    <ClInclude Include="..\include\Win32ApiWrapper.h">
      <Filter>Header Files</Filter>
    </ClInclude>
    <ClInclude Include="..\include\WindowSubMenu.h">
      <Filter>Header Files</Filter>
    </ClInclude>
    <ClInclude Include="..\include\algorithm\Prediction.h">
      <Filter>Header Files\algorithm</Filter>
    </ClInclude>
    <ClInclude Include="..\include\graphics\OGL_Utils_MOBU.h">
      <Filter>Header Files\graphics</Filter>
    </ClInclude>
    <ClInclude Include="..\include\graphics\ParticlesDrawHelper.h">
      <Filter>Header Files\graphics</Filter>
    </ClInclude>
    <ClInclude Include="..\include\IO\CmdFBX.h">
      <Filter>Header Files\IO</Filter>
    </ClInclude>
    <ClInclude Include="..\include\IO\CSV_Reader.h">
      <Filter>Header Files\IO</Filter>
    </ClInclude>
    <ClInclude Include="..\include\IO\FBXUtils.h">
      <Filter>Header Files\IO</Filter>
    </ClInclude>
    <ClInclude Include="..\include\IO\FileUtils.h">
      <Filter>Header Files\IO</Filter>
    </ClInclude>
    <ClInclude Include="..\include\algorithm\math3d_mobu.h">
      <Filter>Header Files\algorithm</Filter>
    </ClInclude>
    <ClInclude Include="..\include\curveEditor_popup.h">
      <Filter>Header Files</Filter>
    </ClInclude>
    <ClInclude Include="..\include\graphics\CheckGLError_MOBU.h">
      <Filter>Header Files\graphics</Filter>
    </ClInclude>
  </ItemGroup>
  <ItemGroup>
    <ClCompile Include="..\src\ClusterAdvance.cpp">
      <Filter>Source Files</Filter>
    </ClCompile>
    <ClCompile Include="..\src\GeometryUtils.cpp">
      <Filter>Source Files</Filter>
    </ClCompile>
    <ClCompile Include="..\src\GraphTools.cpp">
      <Filter>Source Files</Filter>
    </ClCompile>
    <ClCompile Include="..\src\GraphView.cpp">
      <Filter>Source Files</Filter>
    </ClCompile>
    <ClCompile Include="..\src\MoBuOpticalUtils.cpp">
      <Filter>Source Files</Filter>
    </ClCompile>
    <ClCompile Include="..\src\OpSkeleton.cpp">
      <Filter>Source Files</Filter>
    </ClCompile>
    <ClCompile Include="..\src\ResourceUtils.cpp">
      <Filter>Source Files</Filter>
    </ClCompile>
    <ClCompile Include="..\src\shared_misc_MOBU.cpp">
      <Filter>Source Files</Filter>
    </ClCompile>
    <ClCompile Include="..\src\StringUtils.cpp">
      <Filter>Source Files</Filter>
    </ClCompile>
    <ClCompile Include="..\src\Viewport.cpp">
      <Filter>Source Files</Filter>
    </ClCompile>
    <ClCompile Include="..\src\viewport_manip.cpp">
      <Filter>Source Files</Filter>
    </ClCompile>
    <ClCompile Include="..\src\WindowSubMenu.cpp">
      <Filter>Source Files</Filter>
    </ClCompile>
    <ClCompile Include="..\src\algorithm\Prediction.cpp">
      <Filter>Source Files\algorithm</Filter>
    </ClCompile>
    <ClCompile Include="..\src\graphics\OGL_Utils_MOBU.cpp">
      <Filter>Source Files\graphics</Filter>
    </ClCompile>
    <ClCompile Include="..\src\graphics\ParticlesDrawHelper.cxx">
      <Filter>Source Files\graphics</Filter>
    </ClCompile>
    <ClCompile Include="..\src\IO\CmdFBX.cpp">
      <Filter>Source Files\IO</Filter>
    </ClCompile>
    <ClCompile Include="..\src\IO\CSV_Reader.cpp">
      <Filter>Source Files\IO</Filter>
    </ClCompile>
    <ClCompile Include="..\src\IO\FBXUtils.cpp">
      <Filter>Source Files\IO</Filter>
    </ClCompile>
    <ClCompile Include="..\src\IO\FileUtils.cpp">
      <Filter>Source Files\IO</Filter>
    </ClCompile>
    <ClCompile Include="..\src\algorithm\math3d_mobu.cpp">
      <Filter>Source Files\algorithm</Filter>
    </ClCompile>
    <ClCompile Include="..\src\curveEditor_popup.cxx">
      <Filter>Source Files</Filter>
    </ClCompile>
    <ClCompile Include="..\src\graphics\CheckGLError_MOBU.cpp">
      <Filter>Source Files\graphics</Filter>
    </ClCompile>
  </ItemGroup>
</Project>