<?xml version="1.0" encoding="utf-8"?>
<Project ToolsVersion="4.0" xmlns="http://schemas.microsoft.com/developer/msbuild/2003">
  <ItemGroup>
    <Filter Include="Source Files">
      <UniqueIdentifier>{256c36fc-28c1-471c-b9b8-d930e021dd4a}</UniqueIdentifier>
      <Extensions>cpp;c;cxx;rc;def;r;odl;idl;hpj;bat</Extensions>
    </Filter>
    <Filter Include="Header Files">
      <UniqueIdentifier>{de3f0f42-6dbf-412c-80dc-bb1ad275527c}</UniqueIdentifier>
      <Extensions>h;hpp;hxx;hm;inl</Extensions>
    </Filter>
    <Filter Include="Common Interface">
      <UniqueIdentifier>{b3648a2d-645c-4e35-8ed0-c92d70ce8c95}</UniqueIdentifier>
    </Filter>
  </ItemGroup>
  <ItemGroup>
    <ClCompile Include="orcustommanager_Physics_manager.cxx">
      <Filter>Source Files</Filter>
    </ClCompile>
    <ClCompile Include="queryFBGeometry.cpp">
      <Filter>Source Files</Filter>
    </ClCompile>
    <ClCompile Include="moPhysics_solver.cpp">
      <Filter>Source Files</Filter>
    </ClCompile>
    <ClCompile Include="moPhysics_CarProperties.cpp">
      <Filter>Source Files</Filter>
    </ClCompile>
    <ClCompile Include="Main.cxx">
      <Filter>Source Files</Filter>
    </ClCompile>
    <ClCompile Include="moPhysics_ChainProperties.cpp">
      <Filter>Source Files</Filter>
    </ClCompile>
    <ClCompile Include="moPhysics_PlayerProperties.cpp">
      <Filter>Source Files</Filter>
    </ClCompile>
  </ItemGroup>
  <ItemGroup>
    <ClInclude Include="orcustommanager_Physics_manager.h">
      <Filter>Header Files</Filter>
    </ClInclude>
    <ClInclude Include="queryFBGeometry.h">
      <Filter>Header Files</Filter>
    </ClInclude>
    <ClInclude Include="..\Common_Physics\physics_common.h">
      <Filter>Common Interface</Filter>
    </ClInclude>
    <ClInclude Include="moPhysics_solver.h">
      <Filter>Header Files</Filter>
    </ClInclude>
    <ClInclude Include="moPhysics_CarProperties.h">
      <Filter>Header Files</Filter>
    </ClInclude>
    <ClInclude Include="..\library_NewtonPhysics\newton_PUBLIC.h">
      <Filter>Common Interface</Filter>
    </ClInclude>
    <ClInclude Include="moPhysics_ChainProperties.h">
      <Filter>Header Files</Filter>
    </ClInclude>
    <ClInclude Include="moPhysics_PlayerProperties.h">
      <Filter>Header Files</Filter>
    </ClInclude>
  </ItemGroup>
  <ItemGroup>
    <None Include="MoPhysicsLOG.txt" />
  </ItemGroup>
</Project>