<?xml version="1.0" encoding="utf-8"?>
<Project ToolsVersion="4.0" xmlns="http://schemas.microsoft.com/developer/msbuild/2003">
  <ItemGroup>
    <Filter Include="Source Files">
      <UniqueIdentifier>{4ee16ed5-c389-4901-89c3-5b1f7811cb38}</UniqueIdentifier>
      <Extensions>cpp;c;cxx;rc;def;r;odl;idl;hpj;bat</Extensions>
    </Filter>
    <Filter Include="Header Files">
      <UniqueIdentifier>{0231804b-d73a-4ab3-8b67-450a341f28e6}</UniqueIdentifier>
      <Extensions>h;hpp;hxx;hm;inl</Extensions>
    </Filter>
  </ItemGroup>
  <ItemGroup>
    <ClCompile Include="camera_unproject_constraint.cxx">
      <Filter>Source Files</Filter>
    </ClCompile>
    <ClCompile Include="camera_unproject_boxes.cpp">
      <Filter>Source Files</Filter>
    </ClCompile>
    <ClCompile Include="putOnGround_tool.cxx">
      <Filter>Source Files</Filter>
    </ClCompile>
    <ClCompile Include="facialRetargeting_association.cxx">
      <Filter>Source Files</Filter>
    </ClCompile>
    <ClCompile Include="facialRetargeting_constraint.cxx">
      <Filter>Source Files</Filter>
    </ClCompile>
    <ClCompile Include="facialRetargeting_helper.cpp">
      <Filter>Source Files</Filter>
    </ClCompile>
    <ClCompile Include="facialRetargeting_constraint_layout.cxx">
      <Filter>Source Files</Filter>
    </ClCompile>
    <ClCompile Include="facialRetarget_MAIN.cpp">
      <Filter>Source Files</Filter>
    </ClCompile>
    <ClCompile Include="helpMeOnFacial_tool.cpp">
      <Filter>Source Files</Filter>
    </ClCompile>
  </ItemGroup>
  <ItemGroup>
    <ClInclude Include="camera_unproject_constraint.h">
      <Filter>Header Files</Filter>
    </ClInclude>
    <ClInclude Include="camera_unproject_boxes.h">
      <Filter>Header Files</Filter>
    </ClInclude>
    <ClInclude Include="putOnGround_tool.h">
      <Filter>Header Files</Filter>
    </ClInclude>
    <ClInclude Include="facialRetargeting_association.h">
      <Filter>Header Files</Filter>
    </ClInclude>
    <ClInclude Include="facialRetargeting_constraint.h">
      <Filter>Header Files</Filter>
    </ClInclude>
    <ClInclude Include="facialRetargeting_constraint_layout.h">
      <Filter>Header Files</Filter>
    </ClInclude>
    <ClInclude Include="helpMeOnFacial_tool.h">
      <Filter>Header Files</Filter>
    </ClInclude>
  </ItemGroup>
  <ItemGroup>
    <None Include="README.txt" />
  </ItemGroup>
</Project>