<?xml version="1.0" encoding="utf-8"?>
<Project ToolsVersion="4.0" xmlns="http://schemas.microsoft.com/developer/msbuild/2003">
  <ItemGroup>
    <Filter Include="Source Files">
      <UniqueIdentifier>{ff62d558-e1a6-4208-ab62-79c08e4fcb4c}</UniqueIdentifier>
      <Extensions>cpp;c;cxx;rc;def;r;odl;idl;hpj;bat</Extensions>
    </Filter>
    <Filter Include="Header Files">
      <UniqueIdentifier>{e81e272a-5386-4c10-9593-0aeaea1d8db6}</UniqueIdentifier>
      <Extensions>h;hpp;hxx;hm;inl</Extensions>
    </Filter>
    <Filter Include="GLSL">
      <UniqueIdentifier>{892ed2d0-6e26-46d3-b316-9aa04cc9f032}</UniqueIdentifier>
    </Filter>
    <Filter Include="GLSL_FX">
      <UniqueIdentifier>{a81dd2b9-399f-44e8-8e20-fc565a044ec8}</UniqueIdentifier>
    </Filter>
  </ItemGroup>
  <ItemGroup>
    <ClCompile Include="SkyBox_shader.cxx">
      <Filter>Source Files</Filter>
    </ClCompile>
    <ClCompile Include="Panorama.cpp">
      <Filter>Source Files</Filter>
    </ClCompile>
    <ClCompile Include="Panorama_shader.cxx">
      <Filter>Source Files</Filter>
    </ClCompile>
    <ClCompile Include="Shader.cpp">
      <Filter>Source Files</Filter>
    </ClCompile>
    <ClCompile Include="SkyDome_shader.cxx">
      <Filter>Source Files</Filter>
    </ClCompile>
    <ClCompile Include="skybox_MAIN.cxx">
      <Filter>Source Files</Filter>
    </ClCompile>
  </ItemGroup>
  <ItemGroup>
    <ClInclude Include="SkyBox_shader.h">
      <Filter>Header Files</Filter>
    </ClInclude>
    <ClInclude Include="resource.h">
      <Filter>Header Files</Filter>
    </ClInclude>
    <ClInclude Include="Panorama.h">
      <Filter>Header Files</Filter>
    </ClInclude>
    <ClInclude Include="Panorama_shader.h">
      <Filter>Header Files</Filter>
    </ClInclude>
    <ClInclude Include="Shader.h">
      <Filter>Header Files</Filter>
    </ClInclude>
    <ClInclude Include="SkyDome_shader.h">
      <Filter>Header Files</Filter>
    </ClInclude>
  </ItemGroup>
  <ItemGroup>
    <None Include="SkyBox_README.txt" />
    <None Include="GLSL\skydome.fsh">
      <Filter>GLSL</Filter>
    </None>
    <None Include="GLSL\skydome.vsh">
      <Filter>GLSL</Filter>
    </None>
    <None Include="GLSL_FX\SkyBox.glslfx">
      <Filter>GLSL_FX</Filter>
    </None>
  </ItemGroup>
</Project>